
Microsoft Visual Studio Solution File, Format Version 12.00
# Visual Studio 14
VisualStudioVersion = 14.0.25123.0
MinimumVisualStudioVersion = 10.0.40219.1
Project("{FAE04EC0-301F-11D3-BF4B-00C04F79EFBC}") = "FlexiHouseFinal", "FlexiHouseFinal\FlexiHouseFinal.csproj", "{9888E667-0CFC-473A-A9B0-5D8F5F3E820F}"
EndProject
Project("{FAE04EC0-301F-11D3-BF4B-00C04F79EFBC}") = "BusinessLayer", "BusinessLayer\BusinessLayer.csproj", "{F82F4ADC-44CC-4411-B9F2-40786473D4EC}"
EndProject
Global
	GlobalSection(SolutionConfigurationPlatforms) = preSolution
		Debug|Any CPU = Debug|Any CPU
		Release|Any CPU = Release|Any CPU
	EndGlobalSection
	GlobalSection(ProjectConfigurationPlatforms) = postSolution
		{9888E667-0CFC-473A-A9B0-5D8F5F3E820F}.Debug|Any CPU.ActiveCfg = Debug|Any CPU
		{9888E667-0CFC-473A-A9B0-5D8F5F3E820F}.Debug|Any CPU.Build.0 = Debug|Any CPU
		{9888E667-0CFC-473A-A9B0-5D8F5F3E820F}.Release|Any CPU.ActiveCfg = Release|Any CPU
		{9888E667-0CFC-473A-A9B0-5D8F5F3E820F}.Release|Any CPU.Build.0 = Release|Any CPU
		{F82F4ADC-44CC-4411-B9F2-40786473D4EC}.Debug|Any CPU.ActiveCfg = Debug|Any CPU
		{F82F4ADC-44CC-4411-B9F2-40786473D4EC}.Debug|Any CPU.Build.0 = Debug|Any CPU
		{F82F4ADC-44CC-4411-B9F2-40786473D4EC}.Release|Any CPU.ActiveCfg = Release|Any CPU
		{F82F4ADC-44CC-4411-B9F2-40786473D4EC}.Release|Any CPU.Build.0 = Release|Any CPU
	EndGlobalSection
	GlobalSection(SolutionProperties) = preSolution
		HideSolutionNode = FALSE
	EndGlobalSection
EndGlobal
